<?xml version="1.0" encoding="utf-8"?>
<Project ToolsVersion="4.0" xmlns="http://schemas.microsoft.com/developer/msbuild/2003">
  <ItemGroup>
    <Filter Include="example">
      <UniqueIdentifier>{644744bd-7d8f-45c6-b7c6-5feffc061fd0}</UniqueIdentifier>
    </Filter>
    <Filter Include="library">
      <UniqueIdentifier>{7c6d0664-5c2c-47d3-9670-0aedd7388560}</UniqueIdentifier>
    </Filter>
  </ItemGroup>
  <ItemGroup>
    <ClInclude Include="library\fsocket.hpp">
      <Filter>library</Filter>
    </ClInclude>
  </ItemGroup>
  <ItemGroup>
    <ClCompile Include="example\main.cpp">
      <Filter>example</Filter>
    </ClCompile>
  </ItemGroup>
</Project>